
Microsoft Visual Studio Solution File, Format Version 12.00
# Visual Studio Version 16
VisualStudioVersion = 16.0.31112.23
MinimumVisualStudioVersion = 10.0.40219.1
Project("{2150E333-8FDC-42A3-9474-1A3956D46DE8}") = "Services", "Services", "{5F12C211-4C4A-4554-8674-0D4E178874F5}"
EndProject
Project("{2150E333-8FDC-42A3-9474-1A3956D46DE8}") = "Catalog", "Catalog", "{F42F72EB-3E59-420F-86F6-962936928906}"
EndProject
Project("{FAE04EC0-301F-11D3-BF4B-00C04F79EFBC}") = "Catalog.API", "Services\Catalog\Catalog.API\Catalog.API.csproj", "{1CF3A858-7F08-4518-AAAB-2DC112BFC7FE}"
EndProject
Global
	GlobalSection(SolutionConfigurationPlatforms) = preSolution
		Debug|Any CPU = Debug|Any CPU
		Release|Any CPU = Release|Any CPU
	EndGlobalSection
	GlobalSection(ProjectConfigurationPlatforms) = postSolution
		{1CF3A858-7F08-4518-AAAB-2DC112BFC7FE}.Debug|Any CPU.ActiveCfg = Debug|Any CPU
		{1CF3A858-7F08-4518-AAAB-2DC112BFC7FE}.Debug|Any CPU.Build.0 = Debug|Any CPU
		{1CF3A858-7F08-4518-AAAB-2DC112BFC7FE}.Release|Any CPU.ActiveCfg = Release|Any CPU
		{1CF3A858-7F08-4518-AAAB-2DC112BFC7FE}.Release|Any CPU.Build.0 = Release|Any CPU
	EndGlobalSection
	GlobalSection(SolutionProperties) = preSolution
		HideSolutionNode = FALSE
	EndGlobalSection
	GlobalSection(NestedProjects) = preSolution
		{F42F72EB-3E59-420F-86F6-962936928906} = {5F12C211-4C4A-4554-8674-0D4E178874F5}
		{1CF3A858-7F08-4518-AAAB-2DC112BFC7FE} = {F42F72EB-3E59-420F-86F6-962936928906}
	EndGlobalSection
	GlobalSection(ExtensibilityGlobals) = postSolution
		SolutionGuid = {8964EB6A-BB18-4EC6-AE45-09CF76383BF8}
	EndGlobalSection
EndGlobal
